
Microsoft Visual Studio Solution File, Format Version 12.00
# Visual Studio Version 17
VisualStudioVersion = 17.3.32901.215
MinimumVisualStudioVersion = 10.0.40219.1
Project("{9A19103F-16F7-4668-BE54-9A1E7A4F7556}") = "lab3.3", "lab3.3\lab3.3.csproj", "{56F16893-E68F-42F7-831D-447A57FE71CB}"
EndProject
Project("{9A19103F-16F7-4668-BE54-9A1E7A4F7556}") = "lab4", "..\lab4\lab4\lab4.csproj", "{7D1ADD79-58AE-40F4-B057-B981D0EACBD7}"
EndProject
Global
	GlobalSection(SolutionConfigurationPlatforms) = preSolution
		Debug|Any CPU = Debug|Any CPU
		Release|Any CPU = Release|Any CPU
	EndGlobalSection
	GlobalSection(ProjectConfigurationPlatforms) = postSolution
		{56F16893-E68F-42F7-831D-447A57FE71CB}.Debug|Any CPU.ActiveCfg = Debug|Any CPU
		{56F16893-E68F-42F7-831D-447A57FE71CB}.Debug|Any CPU.Build.0 = Debug|Any CPU
		{56F16893-E68F-42F7-831D-447A57FE71CB}.Release|Any CPU.ActiveCfg = Release|Any CPU
		{56F16893-E68F-42F7-831D-447A57FE71CB}.Release|Any CPU.Build.0 = Release|Any CPU
		{7D1ADD79-58AE-40F4-B057-B981D0EACBD7}.Debug|Any CPU.ActiveCfg = Debug|Any CPU
		{7D1ADD79-58AE-40F4-B057-B981D0EACBD7}.Debug|Any CPU.Build.0 = Debug|Any CPU
		{7D1ADD79-58AE-40F4-B057-B981D0EACBD7}.Release|Any CPU.ActiveCfg = Release|Any CPU
		{7D1ADD79-58AE-40F4-B057-B981D0EACBD7}.Release|Any CPU.Build.0 = Release|Any CPU
	EndGlobalSection
	GlobalSection(SolutionProperties) = preSolution
		HideSolutionNode = FALSE
	EndGlobalSection
	GlobalSection(ExtensibilityGlobals) = postSolution
		SolutionGuid = {D91314CA-2689-4655-ACA7-500A91A70AE1}
	EndGlobalSection
EndGlobal
